{
    "_readme": [
        "This file locks the dependencies of your project to a known state",
        "Read more about it at http://getcomposer.org/doc/01-basic-usage.md#composer-lock-the-lock-file",
        "This file is @generated automatically"
    ],
    "hash": "b3aa6750905875d71087ff8cc2fd1e97",
    "packages": [
        {
            "name": "erusev/parsedown",
            "version": "dev-master",
            "source": {
                "type": "git",
                "url": "https://github.com/erusev/parsedown.git",
                "reference": "e33ac1c56ea591f21b9cf2fa74356ef708d4e130"
            },
            "dist": {
                "type": "zip",
                "url": "https://api.github.com/repos/erusev/parsedown/zipball/e33ac1c56ea591f21b9cf2fa74356ef708d4e130",
                "reference": "e33ac1c56ea591f21b9cf2fa74356ef708d4e130",
                "shasum": ""
            },
            "type": "library",
            "autoload": {
                "psr-0": {
                    "Parsedown": ""
                }
            },
            "notification-url": "https://packagist.org/downloads/",
            "license": [
                "MIT"
            ],
            "authors": [
                {
                    "name": "Emanuil Rusev",
                    "email": "hello@erusev.com",
                    "homepage": "http://erusev.com"
                }
            ],
            "description": "Parser for Markdown.",
            "homepage": "http://parsedown.org",
            "keywords": [
                "markdown",
                "parser"
            ],
            "time": "2014-06-18 09:27:25"
        },
        {
            "name": "ircmaxell/password-compat",
            "version": "1.0.3",
            "source": {
                "type": "git",
                "url": "https://github.com/ircmaxell/password_compat.git",
                "reference": "1fc1521b5e9794ea77e4eca30717be9635f1d4f4"
            },
            "dist": {
                "type": "zip",
                "url": "https://api.github.com/repos/ircmaxell/password_compat/zipball/1fc1521b5e9794ea77e4eca30717be9635f1d4f4",
                "reference": "1fc1521b5e9794ea77e4eca30717be9635f1d4f4",
                "shasum": ""
            },
            "type": "library",
            "autoload": {
                "files": [
                    "lib/password.php"
                ]
            },
            "notification-url": "https://packagist.org/downloads/",
            "license": [
                "MIT"
            ],
            "authors": [
                {
                    "name": "Anthony Ferrara",
                    "email": "ircmaxell@php.net",
                    "homepage": "http://blog.ircmaxell.com"
                }
            ],
            "description": "A compatibility library for the proposed simplified password hashing algorithm: https://wiki.php.net/rfc/password_hash",
            "homepage": "https://github.com/ircmaxell/password_compat",
            "keywords": [
                "hashing",
                "password"
            ],
            "time": "2013-04-30 19:58:08"
        },
        {
            "name": "jeremykendall/password-validator",
            "version": "2.0.3",
            "source": {
                "type": "git",
                "url": "https://github.com/jeremykendall/password-validator.git",
                "reference": "88ca3e0530d7800b4376a70a487fa9696538cf72"
            },
            "dist": {
                "type": "zip",
                "url": "https://api.github.com/repos/jeremykendall/password-validator/zipball/88ca3e0530d7800b4376a70a487fa9696538cf72",
                "reference": "88ca3e0530d7800b4376a70a487fa9696538cf72",
                "shasum": ""
            },
            "require": {
                "ircmaxell/password-compat": "1.*",
                "php": ">=5.3.7",
                "wp-cli/php-cli-tools": "~0.9.4"
            },
            "require-dev": {
                "league/phpunit-coverage-listener": "~1.1",
                "phpunit/phpunit": "3.*"
            },
            "bin": [
                "bin/cost-check",
                "bin/version-check"
            ],
            "type": "library",
            "autoload": {
                "psr-0": {
                    "JeremyKendall\\Password\\": "src/"
                }
            },
            "notification-url": "https://packagist.org/downloads/",
            "license": [
                "MIT"
            ],
            "authors": [
                {
                    "name": "Jeremy Kendall",
                    "homepage": "http://about.me/jeremykendall",
                    "role": "Developer"
                }
            ],
            "description": "Password Validator validates password_hash generated passwords, rehashes passwords as necessary, and will upgrade legacy passwords.",
            "homepage": "https://github.com/jeremykendall/password-validator",
            "keywords": [
                "password",
                "password validation",
                "password validator",
                "password_hash",
                "passwords",
                "security"
            ],
            "time": "2014-02-15 15:49:57"
        },
        {
            "name": "jeremykendall/slim-auth",
            "version": "dev-develop",
            "source": {
                "type": "git",
                "url": "https://github.com/jeremykendall/slim-auth.git",
                "reference": "4b648a1436c5b13535735a0ac0758162901f8246"
            },
            "dist": {
                "type": "zip",
                "url": "https://api.github.com/repos/jeremykendall/slim-auth/zipball/4b648a1436c5b13535735a0ac0758162901f8246",
                "reference": "4b648a1436c5b13535735a0ac0758162901f8246",
                "shasum": ""
            },
            "require": {
                "jeremykendall/password-validator": "2.*",
                "php": ">=5.3.7",
                "wp-cli/php-cli-tools": "~0.9.4",
                "zendframework/zend-authentication": "2.3.*",
                "zendframework/zend-permissions-acl": "2.3.*",
                "zendframework/zend-session": "2.3.*"
            },
            "require-dev": {
                "league/phpunit-coverage-listener": "~1.1",
                "phpunit/phpunit": "4.*",
                "slim/slim": ">=2.4.2"
            },
            "suggest": {
                "zendframework/zend-db": "For the Zend\\Authentication\\Adapter\\DbTable adapters."
            },
            "bin": [
                "bin/version-check"
            ],
            "type": "library",
            "autoload": {
                "psr-0": {
                    "JeremyKendall\\Slim\\Auth\\": "src/"
                }
            },
            "notification-url": "https://packagist.org/downloads/",
            "license": [
                "MIT"
            ],
            "authors": [
                {
                    "name": "Jeremy Kendall",
                    "homepage": "http://about.me/jeremykendall",
                    "role": "Developer"
                }
            ],
            "description": "Authorization and authentication for the Slim Framework using ZF2 Authentication and Acl components",
            "homepage": "https://github.com/jeremykendall/slim-auth",
            "keywords": [
                "Authentication",
                "Zend Framework",
                "auth",
                "authorization",
                "slim",
                "slim framework",
                "zend",
                "zf2"
            ],
            "time": "2014-07-18 15:29:17"
        },
        {
            "name": "monolog/monolog",
            "version": "1.10.0",
            "source": {
                "type": "git",
                "url": "https://github.com/Seldaek/monolog.git",
                "reference": "25b16e801979098cb2f120e697bfce454b18bf23"
            },
            "dist": {
                "type": "zip",
                "url": "https://api.github.com/repos/Seldaek/monolog/zipball/25b16e801979098cb2f120e697bfce454b18bf23",
                "reference": "25b16e801979098cb2f120e697bfce454b18bf23",
                "shasum": ""
            },
            "require": {
                "php": ">=5.3.0",
                "psr/log": "~1.0"
            },
            "require-dev": {
                "aws/aws-sdk-php": "~2.4, >2.4.8",
                "doctrine/couchdb": "~1.0@dev",
                "graylog2/gelf-php": "~1.0",
                "phpunit/phpunit": "~3.7.0",
                "raven/raven": "~0.5",
                "ruflin/elastica": "0.90.*"
            },
            "suggest": {
                "aws/aws-sdk-php": "Allow sending log messages to AWS services like DynamoDB",
                "doctrine/couchdb": "Allow sending log messages to a CouchDB server",
                "ext-amqp": "Allow sending log messages to an AMQP server (1.0+ required)",
                "ext-mongo": "Allow sending log messages to a MongoDB server",
                "graylog2/gelf-php": "Allow sending log messages to a GrayLog2 server",
                "raven/raven": "Allow sending log messages to a Sentry server",
                "rollbar/rollbar": "Allow sending log messages to Rollbar",
                "ruflin/elastica": "Allow sending log messages to an Elastic Search server"
            },
            "type": "library",
            "extra": {
                "branch-alias": {
                    "dev-master": "1.10.x-dev"
                }
            },
            "autoload": {
                "psr-4": {
                    "Monolog\\": "src/Monolog"
                }
            },
            "notification-url": "https://packagist.org/downloads/",
            "license": [
                "MIT"
            ],
            "authors": [
                {
                    "name": "Jordi Boggiano",
                    "email": "j.boggiano@seld.be",
                    "homepage": "http://seld.be",
                    "role": "Developer"
                }
            ],
            "description": "Sends your logs to files, sockets, inboxes, databases and various web services",
            "homepage": "http://github.com/Seldaek/monolog",
            "keywords": [
                "log",
                "logging",
                "psr-3"
            ],
            "time": "2014-06-04 16:30:04"
        },
        {
            "name": "psr/log",
            "version": "1.0.0",
            "source": {
                "type": "git",
                "url": "https://github.com/php-fig/log.git",
                "reference": "fe0936ee26643249e916849d48e3a51d5f5e278b"
            },
            "dist": {
                "type": "zip",
                "url": "https://api.github.com/repos/php-fig/log/zipball/fe0936ee26643249e916849d48e3a51d5f5e278b",
                "reference": "fe0936ee26643249e916849d48e3a51d5f5e278b",
                "shasum": ""
            },
            "type": "library",
            "autoload": {
                "psr-0": {
                    "Psr\\Log\\": ""
                }
            },
            "notification-url": "https://packagist.org/downloads/",
            "license": [
                "MIT"
            ],
            "authors": [
                {
                    "name": "PHP-FIG",
                    "homepage": "http://www.php-fig.org/"
                }
            ],
            "description": "Common interface for logging libraries",
            "keywords": [
                "log",
                "psr",
                "psr-3"
            ],
            "time": "2012-12-21 11:40:51"
        },
        {
            "name": "slim/slim",
            "version": "2.4.3",
            "source": {
                "type": "git",
                "url": "https://github.com/codeguy/Slim.git",
                "reference": "4906b77a07c7bd6ff1a99aea903e940a2d4fa106"
            },
            "dist": {
                "type": "zip",
                "url": "https://api.github.com/repos/codeguy/Slim/zipball/4906b77a07c7bd6ff1a99aea903e940a2d4fa106",
                "reference": "4906b77a07c7bd6ff1a99aea903e940a2d4fa106",
                "shasum": ""
            },
            "require": {
                "php": ">=5.3.0"
            },
            "suggest": {
                "ext-mcrypt": "Required for HTTP cookie encryption"
            },
            "type": "library",
            "autoload": {
                "psr-0": {
                    "Slim": "."
                }
            },
            "notification-url": "https://packagist.org/downloads/",
            "license": [
                "MIT"
            ],
            "authors": [
                {
                    "name": "Josh Lockhart",
                    "email": "info@joshlockhart.com",
                    "homepage": "http://www.joshlockhart.com/"
                }
            ],
            "description": "Slim Framework, a PHP micro framework",
            "homepage": "http://github.com/codeguy/Slim",
            "keywords": [
                "microframework",
                "rest",
                "router"
            ],
            "time": "2014-04-05 18:33:59"
        },
        {
            "name": "slim/views",
            "version": "0.1.2",
            "target-dir": "Slim/Views",
            "source": {
                "type": "git",
                "url": "https://github.com/codeguy/Slim-Views.git",
                "reference": "f0a05ea0b654218e40de692ed7cddcad1cf4b828"
            },
            "dist": {
                "type": "zip",
                "url": "https://api.github.com/repos/codeguy/Slim-Views/zipball/f0a05ea0b654218e40de692ed7cddcad1cf4b828",
                "reference": "f0a05ea0b654218e40de692ed7cddcad1cf4b828",
                "shasum": ""
            },
            "require": {
                "php": ">=5.3.0",
                "slim/slim": ">=2.4.0"
            },
            "suggest": {
                "smarty/smarty": "Smarty templating system",
                "twig/twig": "Twig templating system"
            },
            "type": "library",
            "autoload": {
                "psr-0": {
                    "Slim\\Views": ""
                }
            },
            "notification-url": "https://packagist.org/downloads/",
            "license": [
                "MIT"
            ],
            "authors": [
                {
                    "name": "Andrew Smith",
                    "email": "a.smith@silentworks.co.uk",
                    "homepage": "http://thoughts.silentworks.co.uk/"
                },
                {
                    "name": "Josh Lockhart",
                    "email": "info@joshlockhart.com",
                    "homepage": "http://www.joshlockhart.com/"
                }
            ],
            "description": "Smarty and Twig View Parser package for the Slim Framework",
            "homepage": "http://github.com/codeguy/Slim-Views",
            "keywords": [
                "extensions",
                "slimphp",
                "templating"
            ],
            "time": "2014-04-03 16:31:10"
        },
        {
            "name": "twig/twig",
            "version": "v1.16.0",
            "source": {
                "type": "git",
                "url": "https://github.com/fabpot/Twig.git",
                "reference": "8ce37115802e257a984a82d38254884085060024"
            },
            "dist": {
                "type": "zip",
                "url": "https://api.github.com/repos/fabpot/Twig/zipball/8ce37115802e257a984a82d38254884085060024",
                "reference": "8ce37115802e257a984a82d38254884085060024",
                "shasum": ""
            },
            "require": {
                "php": ">=5.2.4"
            },
            "type": "library",
            "extra": {
                "branch-alias": {
                    "dev-master": "1.16-dev"
                }
            },
            "autoload": {
                "psr-0": {
                    "Twig_": "lib/"
                }
            },
            "notification-url": "https://packagist.org/downloads/",
            "license": [
                "BSD-3-Clause"
            ],
            "authors": [
                {
                    "name": "Fabien Potencier",
                    "email": "fabien@symfony.com",
                    "homepage": "http://fabien.potencier.org",
                    "role": "Lead Developer"
                },
                {
                    "name": "Armin Ronacher2",
                    "email": "armin.ronacher@active-4.com",
                    "role": "Project Founder"
                },
                {
                    "name": "Twig Team",
                    "homepage": "https://github.com/fabpot/Twig/graphs/contributors",
                    "role": "Contributors"
                }
            ],
            "description": "Twig, the flexible, fast, and secure template language for PHP",
            "homepage": "http://twig.sensiolabs.org",
            "keywords": [
                "templating"
            ],
            "time": "2014-07-05 12:19:05"
        },
        {
            "name": "wp-cli/php-cli-tools",
            "version": "v0.9.5",
            "source": {
                "type": "git",
                "url": "https://github.com/wp-cli/php-cli-tools.git",
                "reference": "89461455b360693da07355460a2597baa0108c1d"
            },
            "dist": {
                "type": "zip",
                "url": "https://api.github.com/repos/wp-cli/php-cli-tools/zipball/89461455b360693da07355460a2597baa0108c1d",
                "reference": "89461455b360693da07355460a2597baa0108c1d",
                "shasum": ""
            },
            "require": {
                "php": ">= 5.3.0"
            },
            "type": "library",
            "autoload": {
                "psr-0": {
                    "cli": "lib/"
                },
                "files": [
                    "lib/cli/cli.php"
                ]
            },
            "notification-url": "https://packagist.org/downloads/",
            "license": [
                "MIT"
            ],
            "authors": [
                {
                    "name": "James Logsdon",
                    "email": "jlogsdon@php.net",
                    "role": "Developer"
                },
                {
                    "name": "Daniel Bachhuber",
                    "email": "daniel@handbuilt.co",
                    "role": "Maintainer"
                }
            ],
            "description": "Console utilities for PHP",
            "homepage": "http://github.com/wp-cli/php-cli-tools",
            "keywords": [
                "cli",
                "console"
            ],
            "time": "2014-06-29 20:40:27"
        },
        {
            "name": "zendframework/zend-authentication",
            "version": "2.3.0",
            "target-dir": "Zend/Authentication",
            "source": {
                "type": "git",
                "url": "https://github.com/zendframework/Component_ZendAuthentication.git",
                "reference": "aeadcb4be42605765b4f5701375abda896fc762e"
            },
            "dist": {
                "type": "zip",
                "url": "https://api.github.com/repos/zendframework/Component_ZendAuthentication/zipball/aeadcb4be42605765b4f5701375abda896fc762e",
                "reference": "aeadcb4be42605765b4f5701375abda896fc762e",
                "shasum": ""
            },
            "require": {
                "php": ">=5.3.23",
                "zendframework/zend-stdlib": "self.version"
            },
            "require-dev": {
                "zendframework/zend-crypt": "self.version",
                "zendframework/zend-db": "self.version",
                "zendframework/zend-http": "self.version",
                "zendframework/zend-ldap": "self.version",
                "zendframework/zend-session": "self.version",
                "zendframework/zend-uri": "self.version",
                "zendframework/zend-validator": "self.version"
            },
            "suggest": {
                "zendframework/zend-crypt": "Zend\\Crypt component",
                "zendframework/zend-db": "Zend\\Db component",
                "zendframework/zend-http": "Zend\\Http component",
                "zendframework/zend-ldap": "Zend\\Ldap component",
                "zendframework/zend-session": "Zend\\Session component",
                "zendframework/zend-uri": "Zend\\Uri component",
                "zendframework/zend-validator": "Zend\\Validator component"
            },
            "type": "library",
            "extra": {
                "branch-alias": {
                    "dev-master": "2.2-dev",
                    "dev-develop": "2.3-dev"
                }
            },
            "autoload": {
                "psr-0": {
                    "Zend\\Authentication\\": ""
                }
            },
            "notification-url": "https://packagist.org/downloads/",
            "license": [
                "BSD-3-Clause"
            ],
            "description": "provides an API for authentication and includes concrete authentication adapters for common use case scenarios",
            "keywords": [
                "Authentication",
                "zf2"
            ],
            "time": "2014-03-12 17:03:58"
        },
        {
            "name": "zendframework/zend-permissions-acl",
            "version": "2.3.0",
            "target-dir": "Zend/Permissions/Acl",
            "source": {
                "type": "git",
                "url": "https://github.com/zendframework/Component_ZendPermissionsAcl.git",
                "reference": "861a5839236a64de417e87452eb37888eea18324"
            },
            "dist": {
                "type": "zip",
                "url": "https://api.github.com/repos/zendframework/Component_ZendPermissionsAcl/zipball/861a5839236a64de417e87452eb37888eea18324",
                "reference": "861a5839236a64de417e87452eb37888eea18324",
                "shasum": ""
            },
            "require": {
                "php": ">=5.3.3"
            },
            "type": "library",
            "extra": {
                "branch-alias": {
                    "dev-master": "2.2-dev",
                    "dev-develop": "2.3-dev"
                }
            },
            "autoload": {
                "psr-0": {
                    "Zend\\Permissions\\Acl\\": ""
                }
            },
            "notification-url": "https://packagist.org/downloads/",
            "license": [
                "BSD-3-Clause"
            ],
            "description": "provides a lightweight and flexible access control list (ACL) implementation for privileges management",
            "keywords": [
                "acl",
                "zf2"
            ],
            "time": "2014-01-02 18:00:25"
        },
        {
            "name": "zendframework/zend-session",
            "version": "2.3.0",
            "target-dir": "Zend/Session",
            "source": {
                "type": "git",
                "url": "https://github.com/zendframework/Component_ZendSession.git",
                "reference": "39fbad1f3b72f9ba86a218bc7b6e04dc72d800bf"
            },
            "dist": {
                "type": "zip",
                "url": "https://api.github.com/repos/zendframework/Component_ZendSession/zipball/39fbad1f3b72f9ba86a218bc7b6e04dc72d800bf",
                "reference": "39fbad1f3b72f9ba86a218bc7b6e04dc72d800bf",
                "shasum": ""
            },
            "require": {
                "php": ">=5.3.3",
                "zendframework/zend-stdlib": "self.version"
            },
            "suggest": {
                "zendframework/zend-eventmanager": "Zend\\EventManager component",
                "zendframework/zend-servicemanager": "Zend\\ServiceManager component",
                "zendframework/zend-validator": "Zend\\Validator component"
            },
            "type": "library",
            "extra": {
                "branch-alias": {
                    "dev-master": "2.2-dev",
                    "dev-develop": "2.3-dev"
                }
            },
            "autoload": {
                "psr-0": {
                    "Zend\\Session\\": ""
                }
            },
            "notification-url": "https://packagist.org/downloads/",
            "license": [
                "BSD-3-Clause"
            ],
            "description": "manage and preserve session data, a logical complement of cookie data, across multiple page requests by the same client",
            "keywords": [
                "session",
                "zf2"
            ],
            "time": "2014-01-04 13:00:26"
        },
        {
            "name": "zendframework/zend-stdlib",
            "version": "2.3.0",
            "target-dir": "Zend/Stdlib",
            "source": {
                "type": "git",
                "url": "https://github.com/zendframework/Component_ZendStdlib.git",
                "reference": "b6913eb223fa0ba646905522d4dbe1b84cddcb1c"
            },
            "dist": {
                "type": "zip",
                "url": "https://api.github.com/repos/zendframework/Component_ZendStdlib/zipball/b6913eb223fa0ba646905522d4dbe1b84cddcb1c",
                "reference": "b6913eb223fa0ba646905522d4dbe1b84cddcb1c",
                "shasum": ""
            },
            "require": {
                "php": ">=5.3.23"
            },
            "require-dev": {
                "zendframework/zend-eventmanager": "self.version",
                "zendframework/zend-serializer": "self.version",
                "zendframework/zend-servicemanager": "self.version"
            },
            "suggest": {
                "zendframework/zend-eventmanager": "To support aggregate hydrator usage",
                "zendframework/zend-serializer": "Zend\\Serializer component",
                "zendframework/zend-servicemanager": "To support hydrator plugin manager usage"
            },
            "type": "library",
            "extra": {
                "branch-alias": {
                    "dev-master": "2.2-dev",
                    "dev-develop": "2.3-dev"
                }
            },
            "autoload": {
                "psr-0": {
                    "Zend\\Stdlib\\": ""
                }
            },
            "notification-url": "https://packagist.org/downloads/",
            "license": [
                "BSD-3-Clause"
            ],
            "keywords": [
                "stdlib",
                "zf2"
            ],
            "time": "2014-03-13 16:18:45"
        }
    ],
    "packages-dev": [],
    "aliases": [],
    "minimum-stability": "stable",
    "stability-flags": {
        "erusev/parsedown": 20,
        "jeremykendall/slim-auth": 20
    },
    "platform": {
        "php": ">=5.3.7",
        "ext-pdo_sqlite": "*"
    },
    "platform-dev": []
}
